
Microsoft Visual Studio Solution File, Format Version 12.00
# Visual Studio 15
Project("{FAE04EC0-301F-11D3-BF4B-00C04F79EFBC}") = "VRM10.Editor", "VRM10.Editor.csproj", "{A1B1D41A-F4A8-06A6-BE54-474BD59D9EEA}"
EndProject
Project("{FAE04EC0-301F-11D3-BF4B-00C04F79EFBC}") = "VRM10", "VRM10.csproj", "{B6654B8F-B7D7-C293-F201-E3C3D7880649}"
EndProject
Project("{FAE04EC0-301F-11D3-BF4B-00C04F79EFBC}") = "VRM10.MToon10", "VRM10.MToon10.csproj", "{92E70F9C-DE36-A264-74DC-AFAF2EE739D9}"
EndProject
Project("{FAE04EC0-301F-11D3-BF4B-00C04F79EFBC}") = "UniGLTF", "UniGLTF.csproj", "{C161D5AF-DAA2-87D1-DCA9-49D8929DA64C}"
EndProject
Project("{FAE04EC0-301F-11D3-BF4B-00C04F79EFBC}") = "UniGLTF.Editor", "UniGLTF.Editor.csproj", "{F44D7C87-BADB-197E-FD14-2500D65E9E9B}"
EndProject
Project("{FAE04EC0-301F-11D3-BF4B-00C04F79EFBC}") = "UniGLTF.Tests", "UniGLTF.Tests.csproj", "{3885BF83-E542-254A-AEAD-DC4DD62691A8}"
EndProject
Project("{FAE04EC0-301F-11D3-BF4B-00C04F79EFBC}") = "UniGLTF.Utils", "UniGLTF.Utils.csproj", "{00A5BF47-E4A2-8764-5E65-EDC4D0D6F4D4}"
EndProject
Project("{FAE04EC0-301F-11D3-BF4B-00C04F79EFBC}") = "VRM10.MToon10.Editor", "VRM10.MToon10.Editor.csproj", "{408B2F34-D2FD-D81B-D28E-F8AB9C728F76}"
EndProject
Project("{FAE04EC0-301F-11D3-BF4B-00C04F79EFBC}") = "UniGLTF.UniUnlit.Editor", "UniGLTF.UniUnlit.Editor.csproj", "{BD6A4471-EC2D-FD92-FCE8-CCC3862A2CB5}"
EndProject
Project("{FAE04EC0-301F-11D3-BF4B-00C04F79EFBC}") = "UniHumanoid", "UniHumanoid.csproj", "{59BE01A3-9AB5-03EE-E8A0-EB8A866A35CF}"
EndProject
Project("{FAE04EC0-301F-11D3-BF4B-00C04F79EFBC}") = "SpringBoneJobs", "SpringBoneJobs.csproj", "{89C4B9DC-EB91-5EC7-ED16-148354C0F326}"
EndProject
Project("{FAE04EC0-301F-11D3-BF4B-00C04F79EFBC}") = "FastSpringBone10", "FastSpringBone10.csproj", "{199961EA-5FCF-96E1-0517-A69D0B00F878}"
EndProject
Project("{FAE04EC0-301F-11D3-BF4B-00C04F79EFBC}") = "Unity.XR.Interaction.Toolkit.Samples.StarterAssets", "Unity.XR.Interaction.Toolkit.Samples.StarterAssets.csproj", "{1BACEB34-9293-26F0-DD6E-C14BBD4A93B9}"
EndProject
Project("{FAE04EC0-301F-11D3-BF4B-00C04F79EFBC}") = "Unity.XR.Interaction.Toolkit.Samples.ARStarterAssets", "Unity.XR.Interaction.Toolkit.Samples.ARStarterAssets.csproj", "{1868093F-1D87-51E7-8B46-071E1F22F651}"
EndProject
Project("{FAE04EC0-301F-11D3-BF4B-00C04F79EFBC}") = "UniHumanoid.Editor", "UniHumanoid.Editor.csproj", "{DA76FC5E-CC06-3F4C-B5AC-501892F055D6}"
EndProject
Project("{FAE04EC0-301F-11D3-BF4B-00C04F79EFBC}") = "VrmLib", "VrmLib.csproj", "{3EBA2439-B8E8-8B63-B3BF-268EDE63E982}"
EndProject
Project("{FAE04EC0-301F-11D3-BF4B-00C04F79EFBC}") = "Assembly-CSharp", "Assembly-CSharp.csproj", "{E36E42DB-13C2-21C0-57DE-D7ADFFD1AE4A}"
EndProject
Project("{FAE04EC0-301F-11D3-BF4B-00C04F79EFBC}") = "VRM10.Tests", "VRM10.Tests.csproj", "{9014E4FC-FFE8-5A0B-4683-4E8396A82461}"
EndProject
Project("{FAE04EC0-301F-11D3-BF4B-00C04F79EFBC}") = "UniGLTF.UniUnlit", "UniGLTF.UniUnlit.csproj", "{03CFCA06-3E02-27F6-DEAD-235BB56A360F}"
EndProject
Project("{FAE04EC0-301F-11D3-BF4B-00C04F79EFBC}") = "VrmLibTests", "VrmLibTests.csproj", "{E20B1E96-930D-FFB9-395D-BFE4B2D33C22}"
EndProject
Project("{FAE04EC0-301F-11D3-BF4B-00C04F79EFBC}") = "Unity.XR.Interaction.Toolkit.Samples.ARStarterAssets.Editor", "Unity.XR.Interaction.Toolkit.Samples.ARStarterAssets.Editor.csproj", "{3B0BA286-FE4A-C052-E818-F47079FAB884}"
EndProject
Project("{FAE04EC0-301F-11D3-BF4B-00C04F79EFBC}") = "VRM10.MToon10.Tests", "VRM10.MToon10.Tests.csproj", "{68FBA778-2126-CC83-8D17-B727C61BCE69}"
EndProject
Project("{FAE04EC0-301F-11D3-BF4B-00C04F79EFBC}") = "Unity.XR.Interaction.Toolkit.Samples.StarterAssets.Editor", "Unity.XR.Interaction.Toolkit.Samples.StarterAssets.Editor.csproj", "{6CCDE2C8-CA8D-7E4E-F7D6-216C56C67822}"
EndProject
Project("{FAE04EC0-301F-11D3-BF4B-00C04F79EFBC}") = "UniHumanoid.Editor.Tests", "UniHumanoid.Editor.Tests.csproj", "{DFF32616-6DF2-D380-5983-ACB85789F15B}"
EndProject
Global
	GlobalSection(SolutionConfigurationPlatforms) = preSolution
		Debug|Any CPU = Debug|Any CPU
		Release|Any CPU = Release|Any CPU
	EndGlobalSection
	GlobalSection(ProjectConfigurationPlatforms) = postSolution
		{A1B1D41A-F4A8-06A6-BE54-474BD59D9EEA}.Debug|Any CPU.ActiveCfg = Debug|Any CPU
		{A1B1D41A-F4A8-06A6-BE54-474BD59D9EEA}.Debug|Any CPU.Build.0 = Debug|Any CPU
		{A1B1D41A-F4A8-06A6-BE54-474BD59D9EEA}.Release|Any CPU.ActiveCfg = Release|Any CPU
		{A1B1D41A-F4A8-06A6-BE54-474BD59D9EEA}.Release|Any CPU.Build.0 = Release|Any CPU
		{B6654B8F-B7D7-C293-F201-E3C3D7880649}.Debug|Any CPU.ActiveCfg = Debug|Any CPU
		{B6654B8F-B7D7-C293-F201-E3C3D7880649}.Debug|Any CPU.Build.0 = Debug|Any CPU
		{B6654B8F-B7D7-C293-F201-E3C3D7880649}.Release|Any CPU.ActiveCfg = Release|Any CPU
		{B6654B8F-B7D7-C293-F201-E3C3D7880649}.Release|Any CPU.Build.0 = Release|Any CPU
		{92E70F9C-DE36-A264-74DC-AFAF2EE739D9}.Debug|Any CPU.ActiveCfg = Debug|Any CPU
		{92E70F9C-DE36-A264-74DC-AFAF2EE739D9}.Debug|Any CPU.Build.0 = Debug|Any CPU
		{92E70F9C-DE36-A264-74DC-AFAF2EE739D9}.Release|Any CPU.ActiveCfg = Release|Any CPU
		{92E70F9C-DE36-A264-74DC-AFAF2EE739D9}.Release|Any CPU.Build.0 = Release|Any CPU
		{C161D5AF-DAA2-87D1-DCA9-49D8929DA64C}.Debug|Any CPU.ActiveCfg = Debug|Any CPU
		{C161D5AF-DAA2-87D1-DCA9-49D8929DA64C}.Debug|Any CPU.Build.0 = Debug|Any CPU
		{C161D5AF-DAA2-87D1-DCA9-49D8929DA64C}.Release|Any CPU.ActiveCfg = Release|Any CPU
		{C161D5AF-DAA2-87D1-DCA9-49D8929DA64C}.Release|Any CPU.Build.0 = Release|Any CPU
		{F44D7C87-BADB-197E-FD14-2500D65E9E9B}.Debug|Any CPU.ActiveCfg = Debug|Any CPU
		{F44D7C87-BADB-197E-FD14-2500D65E9E9B}.Debug|Any CPU.Build.0 = Debug|Any CPU
		{F44D7C87-BADB-197E-FD14-2500D65E9E9B}.Release|Any CPU.ActiveCfg = Release|Any CPU
		{F44D7C87-BADB-197E-FD14-2500D65E9E9B}.Release|Any CPU.Build.0 = Release|Any CPU
		{3885BF83-E542-254A-AEAD-DC4DD62691A8}.Debug|Any CPU.ActiveCfg = Debug|Any CPU
		{3885BF83-E542-254A-AEAD-DC4DD62691A8}.Debug|Any CPU.Build.0 = Debug|Any CPU
		{3885BF83-E542-254A-AEAD-DC4DD62691A8}.Release|Any CPU.ActiveCfg = Release|Any CPU
		{3885BF83-E542-254A-AEAD-DC4DD62691A8}.Release|Any CPU.Build.0 = Release|Any CPU
		{00A5BF47-E4A2-8764-5E65-EDC4D0D6F4D4}.Debug|Any CPU.ActiveCfg = Debug|Any CPU
		{00A5BF47-E4A2-8764-5E65-EDC4D0D6F4D4}.Debug|Any CPU.Build.0 = Debug|Any CPU
		{00A5BF47-E4A2-8764-5E65-EDC4D0D6F4D4}.Release|Any CPU.ActiveCfg = Release|Any CPU
		{00A5BF47-E4A2-8764-5E65-EDC4D0D6F4D4}.Release|Any CPU.Build.0 = Release|Any CPU
		{408B2F34-D2FD-D81B-D28E-F8AB9C728F76}.Debug|Any CPU.ActiveCfg = Debug|Any CPU
		{408B2F34-D2FD-D81B-D28E-F8AB9C728F76}.Debug|Any CPU.Build.0 = Debug|Any CPU
		{408B2F34-D2FD-D81B-D28E-F8AB9C728F76}.Release|Any CPU.ActiveCfg = Release|Any CPU
		{408B2F34-D2FD-D81B-D28E-F8AB9C728F76}.Release|Any CPU.Build.0 = Release|Any CPU
		{BD6A4471-EC2D-FD92-FCE8-CCC3862A2CB5}.Debug|Any CPU.ActiveCfg = Debug|Any CPU
		{BD6A4471-EC2D-FD92-FCE8-CCC3862A2CB5}.Debug|Any CPU.Build.0 = Debug|Any CPU
		{BD6A4471-EC2D-FD92-FCE8-CCC3862A2CB5}.Release|Any CPU.ActiveCfg = Release|Any CPU
		{BD6A4471-EC2D-FD92-FCE8-CCC3862A2CB5}.Release|Any CPU.Build.0 = Release|Any CPU
		{59BE01A3-9AB5-03EE-E8A0-EB8A866A35CF}.Debug|Any CPU.ActiveCfg = Debug|Any CPU
		{59BE01A3-9AB5-03EE-E8A0-EB8A866A35CF}.Debug|Any CPU.Build.0 = Debug|Any CPU
		{59BE01A3-9AB5-03EE-E8A0-EB8A866A35CF}.Release|Any CPU.ActiveCfg = Release|Any CPU
		{59BE01A3-9AB5-03EE-E8A0-EB8A866A35CF}.Release|Any CPU.Build.0 = Release|Any CPU
		{89C4B9DC-EB91-5EC7-ED16-148354C0F326}.Debug|Any CPU.ActiveCfg = Debug|Any CPU
		{89C4B9DC-EB91-5EC7-ED16-148354C0F326}.Debug|Any CPU.Build.0 = Debug|Any CPU
		{89C4B9DC-EB91-5EC7-ED16-148354C0F326}.Release|Any CPU.ActiveCfg = Release|Any CPU
		{89C4B9DC-EB91-5EC7-ED16-148354C0F326}.Release|Any CPU.Build.0 = Release|Any CPU
		{199961EA-5FCF-96E1-0517-A69D0B00F878}.Debug|Any CPU.ActiveCfg = Debug|Any CPU
		{199961EA-5FCF-96E1-0517-A69D0B00F878}.Debug|Any CPU.Build.0 = Debug|Any CPU
		{199961EA-5FCF-96E1-0517-A69D0B00F878}.Release|Any CPU.ActiveCfg = Release|Any CPU
		{199961EA-5FCF-96E1-0517-A69D0B00F878}.Release|Any CPU.Build.0 = Release|Any CPU
		{1BACEB34-9293-26F0-DD6E-C14BBD4A93B9}.Debug|Any CPU.ActiveCfg = Debug|Any CPU
		{1BACEB34-9293-26F0-DD6E-C14BBD4A93B9}.Debug|Any CPU.Build.0 = Debug|Any CPU
		{1BACEB34-9293-26F0-DD6E-C14BBD4A93B9}.Release|Any CPU.ActiveCfg = Release|Any CPU
		{1BACEB34-9293-26F0-DD6E-C14BBD4A93B9}.Release|Any CPU.Build.0 = Release|Any CPU
		{1868093F-1D87-51E7-8B46-071E1F22F651}.Debug|Any CPU.ActiveCfg = Debug|Any CPU
		{1868093F-1D87-51E7-8B46-071E1F22F651}.Debug|Any CPU.Build.0 = Debug|Any CPU
		{1868093F-1D87-51E7-8B46-071E1F22F651}.Release|Any CPU.ActiveCfg = Release|Any CPU
		{1868093F-1D87-51E7-8B46-071E1F22F651}.Release|Any CPU.Build.0 = Release|Any CPU
		{DA76FC5E-CC06-3F4C-B5AC-501892F055D6}.Debug|Any CPU.ActiveCfg = Debug|Any CPU
		{DA76FC5E-CC06-3F4C-B5AC-501892F055D6}.Debug|Any CPU.Build.0 = Debug|Any CPU
		{DA76FC5E-CC06-3F4C-B5AC-501892F055D6}.Release|Any CPU.ActiveCfg = Release|Any CPU
		{DA76FC5E-CC06-3F4C-B5AC-501892F055D6}.Release|Any CPU.Build.0 = Release|Any CPU
		{3EBA2439-B8E8-8B63-B3BF-268EDE63E982}.Debug|Any CPU.ActiveCfg = Debug|Any CPU
		{3EBA2439-B8E8-8B63-B3BF-268EDE63E982}.Debug|Any CPU.Build.0 = Debug|Any CPU
		{3EBA2439-B8E8-8B63-B3BF-268EDE63E982}.Release|Any CPU.ActiveCfg = Release|Any CPU
		{3EBA2439-B8E8-8B63-B3BF-268EDE63E982}.Release|Any CPU.Build.0 = Release|Any CPU
		{E36E42DB-13C2-21C0-57DE-D7ADFFD1AE4A}.Debug|Any CPU.ActiveCfg = Debug|Any CPU
		{E36E42DB-13C2-21C0-57DE-D7ADFFD1AE4A}.Debug|Any CPU.Build.0 = Debug|Any CPU
		{E36E42DB-13C2-21C0-57DE-D7ADFFD1AE4A}.Release|Any CPU.ActiveCfg = Release|Any CPU
		{E36E42DB-13C2-21C0-57DE-D7ADFFD1AE4A}.Release|Any CPU.Build.0 = Release|Any CPU
		{9014E4FC-FFE8-5A0B-4683-4E8396A82461}.Debug|Any CPU.ActiveCfg = Debug|Any CPU
		{9014E4FC-FFE8-5A0B-4683-4E8396A82461}.Debug|Any CPU.Build.0 = Debug|Any CPU
		{9014E4FC-FFE8-5A0B-4683-4E8396A82461}.Release|Any CPU.ActiveCfg = Release|Any CPU
		{9014E4FC-FFE8-5A0B-4683-4E8396A82461}.Release|Any CPU.Build.0 = Release|Any CPU
		{03CFCA06-3E02-27F6-DEAD-235BB56A360F}.Debug|Any CPU.ActiveCfg = Debug|Any CPU
		{03CFCA06-3E02-27F6-DEAD-235BB56A360F}.Debug|Any CPU.Build.0 = Debug|Any CPU
		{03CFCA06-3E02-27F6-DEAD-235BB56A360F}.Release|Any CPU.ActiveCfg = Release|Any CPU
		{03CFCA06-3E02-27F6-DEAD-235BB56A360F}.Release|Any CPU.Build.0 = Release|Any CPU
		{E20B1E96-930D-FFB9-395D-BFE4B2D33C22}.Debug|Any CPU.ActiveCfg = Debug|Any CPU
		{E20B1E96-930D-FFB9-395D-BFE4B2D33C22}.Debug|Any CPU.Build.0 = Debug|Any CPU
		{E20B1E96-930D-FFB9-395D-BFE4B2D33C22}.Release|Any CPU.ActiveCfg = Release|Any CPU
		{E20B1E96-930D-FFB9-395D-BFE4B2D33C22}.Release|Any CPU.Build.0 = Release|Any CPU
		{3B0BA286-FE4A-C052-E818-F47079FAB884}.Debug|Any CPU.ActiveCfg = Debug|Any CPU
		{3B0BA286-FE4A-C052-E818-F47079FAB884}.Debug|Any CPU.Build.0 = Debug|Any CPU
		{3B0BA286-FE4A-C052-E818-F47079FAB884}.Release|Any CPU.ActiveCfg = Release|Any CPU
		{3B0BA286-FE4A-C052-E818-F47079FAB884}.Release|Any CPU.Build.0 = Release|Any CPU
		{68FBA778-2126-CC83-8D17-B727C61BCE69}.Debug|Any CPU.ActiveCfg = Debug|Any CPU
		{68FBA778-2126-CC83-8D17-B727C61BCE69}.Debug|Any CPU.Build.0 = Debug|Any CPU
		{68FBA778-2126-CC83-8D17-B727C61BCE69}.Release|Any CPU.ActiveCfg = Release|Any CPU
		{68FBA778-2126-CC83-8D17-B727C61BCE69}.Release|Any CPU.Build.0 = Release|Any CPU
		{6CCDE2C8-CA8D-7E4E-F7D6-216C56C67822}.Debug|Any CPU.ActiveCfg = Debug|Any CPU
		{6CCDE2C8-CA8D-7E4E-F7D6-216C56C67822}.Debug|Any CPU.Build.0 = Debug|Any CPU
		{6CCDE2C8-CA8D-7E4E-F7D6-216C56C67822}.Release|Any CPU.ActiveCfg = Release|Any CPU
		{6CCDE2C8-CA8D-7E4E-F7D6-216C56C67822}.Release|Any CPU.Build.0 = Release|Any CPU
		{DFF32616-6DF2-D380-5983-ACB85789F15B}.Debug|Any CPU.ActiveCfg = Debug|Any CPU
		{DFF32616-6DF2-D380-5983-ACB85789F15B}.Debug|Any CPU.Build.0 = Debug|Any CPU
		{DFF32616-6DF2-D380-5983-ACB85789F15B}.Release|Any CPU.ActiveCfg = Release|Any CPU
		{DFF32616-6DF2-D380-5983-ACB85789F15B}.Release|Any CPU.Build.0 = Release|Any CPU
	EndGlobalSection
	GlobalSection(SolutionProperties) = preSolution
		HideSolutionNode = FALSE
	EndGlobalSection
EndGlobal
